// !$*UTF8*$!
{
	archiveVersion = 1;
	classes = {
	};
	objectVersion = 46;
	objects = {

/* Begin PBXBuildFile section */
		1D60589F0D05DD5A006BFB54 /* Foundation.framework in Frameworks */ = {isa = PBXBuildFile; fileRef = 1D30AB110D05D00D00671497 /* Foundation.framework */; };
		1DF5F4E00D08C38300B7A737 /* UIKit.framework in Frameworks */ = {isa = PBXBuildFile; fileRef = 1DF5F4DF0D08C38300B7A737 /* UIKit.framework */; };
		288765FD0DF74451002DB57D /* CoreGraphics.framework in Frameworks */ = {isa = PBXBuildFile; fileRef = 288765FC0DF74451002DB57D /* CoreGraphics.framework */; };
		2A3B48BC12F897D600F428E7 /* main.m in Sources */ = {isa = PBXBuildFile; fileRef = 2A3B48BB12F897D600F428E7 /* main.m */; };
		2A3B48BE12F897E000F428E7 /* MainWindow.xib in Resources */ = {isa = PBXBuildFile; fileRef = 2A3B48BD12F897E000F428E7 /* MainWindow.xib */; };
		2AB446ED12F8A588006B0090 /* libssh2.a in Frameworks */ = {isa = PBXBuildFile; fileRef = 2AB446E812F8A588006B0090 /* libssh2.a */; };
		2AB4470112F8A5B5006B0090 /* libz.dylib in Frameworks */ = {isa = PBXBuildFile; fileRef = 2AB4470012F8A5B5006B0090 /* libz.dylib */; };
		53E9E45A16F4D4F300347B0F /* SSHWrapper.m in Sources */ = {isa = PBXBuildFile; fileRef = 53E9E45916F4D4F300347B0F /* SSHWrapper.m */; };
		53E9E46016F4D51100347B0F /* libssh2_for_iOSAppDelegate.m in Sources */ = {isa = PBXBuildFile; fileRef = 53E9E45F16F4D51100347B0F /* libssh2_for_iOSAppDelegate.m */; };
		53F7E9D71A5C2B1700F3C678 /* openssl.framework in Frameworks */ = {isa = PBXBuildFile; fileRef = 53F7E9D61A5C2B1700F3C678 /* openssl.framework */; };
		53F7E9D91A5C2DB900F3C678 /* gcrypt.framework in Frameworks */ = {isa = PBXBuildFile; fileRef = 53F7E9D81A5C2DB900F3C678 /* gcrypt.framework */; };
		53F7E9DB1A5C2EBD00F3C678 /* Images.xcassets in Resources */ = {isa = PBXBuildFile; fileRef = 53F7E9DA1A5C2EBD00F3C678 /* Images.xcassets */; };
/* End PBXBuildFile section */

/* Begin PBXFileReference section */
		1D30AB110D05D00D00671497 /* Foundation.framework */ = {isa = PBXFileReference; lastKnownFileType = wrapper.framework; name = Foundation.framework; path = System/Library/Frameworks/Foundation.framework; sourceTree = SDKROOT; };
		1D6058910D05DD3D006BFB54 /* libssh2-for-iOS.app */ = {isa = PBXFileReference; explicitFileType = wrapper.application; includeInIndex = 0; path = "libssh2-for-iOS.app"; sourceTree = BUILT_PRODUCTS_DIR; };
		1DF5F4DF0D08C38300B7A737 /* UIKit.framework */ = {isa = PBXFileReference; lastKnownFileType = wrapper.framework; name = UIKit.framework; path = System/Library/Frameworks/UIKit.framework; sourceTree = SDKROOT; };
		288765FC0DF74451002DB57D /* CoreGraphics.framework */ = {isa = PBXFileReference; lastKnownFileType = wrapper.framework; name = CoreGraphics.framework; path = System/Library/Frameworks/CoreGraphics.framework; sourceTree = SDKROOT; };
		2A3B48BB12F897D600F428E7 /* main.m */ = {isa = PBXFileReference; fileEncoding = 4; lastKnownFileType = sourcecode.c.objc; name = main.m; path = "libssh2-for-iOS/main.m"; sourceTree = "<group>"; };
		2A3B48BD12F897E000F428E7 /* MainWindow.xib */ = {isa = PBXFileReference; lastKnownFileType = file.xib; name = MainWindow.xib; path = "libssh2-for-iOS/MainWindow.xib"; sourceTree = "<group>"; };
		2AB446E812F8A588006B0090 /* libssh2.a */ = {isa = PBXFileReference; lastKnownFileType = archive.ar; name = libssh2.a; path = lib/libssh2.a; sourceTree = "<group>"; };
		2AB446F312F8A5A3006B0090 /* libssh2_for_iOS-Info.plist */ = {isa = PBXFileReference; fileEncoding = 4; lastKnownFileType = text.plist.xml; name = "libssh2_for_iOS-Info.plist"; path = "libssh2-for-iOS/libssh2_for_iOS-Info.plist"; sourceTree = "<group>"; };
		2AB4470012F8A5B5006B0090 /* libz.dylib */ = {isa = PBXFileReference; lastKnownFileType = "compiled.mach-o.dylib"; name = libz.dylib; path = usr/lib/libz.dylib; sourceTree = SDKROOT; };
		2AB4470612F8A5CC006B0090 /* libssh2_for_iOS_Prefix.pch */ = {isa = PBXFileReference; fileEncoding = 4; lastKnownFileType = sourcecode.c.h; name = libssh2_for_iOS_Prefix.pch; path = "libssh2-for-iOS/libssh2_for_iOS_Prefix.pch"; sourceTree = "<group>"; };
		53E9E45816F4D4F300347B0F /* SSHWrapper.h */ = {isa = PBXFileReference; fileEncoding = 4; lastKnownFileType = sourcecode.c.h; name = SSHWrapper.h; path = "libssh2-for-iOS/SSHWrapper.h"; sourceTree = SOURCE_ROOT; };
		53E9E45916F4D4F300347B0F /* SSHWrapper.m */ = {isa = PBXFileReference; fileEncoding = 4; lastKnownFileType = sourcecode.c.objc; name = SSHWrapper.m; path = "libssh2-for-iOS/SSHWrapper.m"; sourceTree = SOURCE_ROOT; };
		53E9E45E16F4D51100347B0F /* libssh2_for_iOSAppDelegate.h */ = {isa = PBXFileReference; fileEncoding = 4; lastKnownFileType = sourcecode.c.h; name = libssh2_for_iOSAppDelegate.h; path = "libssh2-for-iOS/libssh2_for_iOSAppDelegate.h"; sourceTree = SOURCE_ROOT; };
		53E9E45F16F4D51100347B0F /* libssh2_for_iOSAppDelegate.m */ = {isa = PBXFileReference; fileEncoding = 4; lastKnownFileType = sourcecode.c.objc; name = libssh2_for_iOSAppDelegate.m; path = "libssh2-for-iOS/libssh2_for_iOSAppDelegate.m"; sourceTree = SOURCE_ROOT; };
		53F7E9D61A5C2B1700F3C678 /* openssl.framework */ = {isa = PBXFileReference; lastKnownFileType = wrapper.framework; path = openssl.framework; sourceTree = "<group>"; };
		53F7E9D81A5C2DB900F3C678 /* gcrypt.framework */ = {isa = PBXFileReference; lastKnownFileType = wrapper.framework; path = gcrypt.framework; sourceTree = "<group>"; };
		53F7E9DA1A5C2EBD00F3C678 /* Images.xcassets */ = {isa = PBXFileReference; lastKnownFileType = folder.assetcatalog; name = Images.xcassets; path = "libssh2-for-iOS/Images.xcassets"; sourceTree = "<group>"; };
/* End PBXFileReference section */

/* Begin PBXFrameworksBuildPhase section */
		1D60588F0D05DD3D006BFB54 /* Frameworks */ = {
			isa = PBXFrameworksBuildPhase;
			buildActionMask = 2147483647;
			files = (
				1D60589F0D05DD5A006BFB54 /* Foundation.framework in Frameworks */,
				1DF5F4E00D08C38300B7A737 /* UIKit.framework in Frameworks */,
				288765FD0DF74451002DB57D /* CoreGraphics.framework in Frameworks */,
				53F7E9D71A5C2B1700F3C678 /* openssl.framework in Frameworks */,
				2AB446ED12F8A588006B0090 /* libssh2.a in Frameworks */,
				53F7E9D91A5C2DB900F3C678 /* gcrypt.framework in Frameworks */,
				2AB4470112F8A5B5006B0090 /* libz.dylib in Frameworks */,
			);
			runOnlyForDeploymentPostprocessing = 0;
		};
/* End PBXFrameworksBuildPhase section */

/* Begin PBXGroup section */
		19C28FACFE9D520D11CA2CBB /* Products */ = {
			isa = PBXGroup;
			children = (
				1D6058910D05DD3D006BFB54 /* libssh2-for-iOS.app */,
			);
			name = Products;
			sourceTree = "<group>";
		};
		29B97314FDCFA39411CA2CEA /* CustomTemplate */ = {
			isa = PBXGroup;
			children = (
				53E9E46116F4D62500347B0F /* libssh2-for-iOS */,
				29B97315FDCFA39411CA2CEA /* Other Sources */,
				29B97317FDCFA39411CA2CEA /* Resources */,
				29B97323FDCFA39411CA2CEA /* Frameworks */,
				19C28FACFE9D520D11CA2CBB /* Products */,
			);
			name = CustomTemplate;
			sourceTree = "<group>";
		};
		29B97315FDCFA39411CA2CEA /* Other Sources */ = {
			isa = PBXGroup;
			children = (
				2A3B48BB12F897D600F428E7 /* main.m */,
				2AB4470612F8A5CC006B0090 /* libssh2_for_iOS_Prefix.pch */,
			);
			name = "Other Sources";
			sourceTree = "<group>";
		};
		29B97317FDCFA39411CA2CEA /* Resources */ = {
			isa = PBXGroup;
			children = (
				53F7E9DA1A5C2EBD00F3C678 /* Images.xcassets */,
				2AB446F312F8A5A3006B0090 /* libssh2_for_iOS-Info.plist */,
				2A3B48BD12F897E000F428E7 /* MainWindow.xib */,
			);
			name = Resources;
			sourceTree = "<group>";
		};
		29B97323FDCFA39411CA2CEA /* Frameworks */ = {
			isa = PBXGroup;
			children = (
				2AB446E812F8A588006B0090 /* libssh2.a */,
				53F7E9D81A5C2DB900F3C678 /* gcrypt.framework */,
				53F7E9D61A5C2B1700F3C678 /* openssl.framework */,
				1DF5F4DF0D08C38300B7A737 /* UIKit.framework */,
				1D30AB110D05D00D00671497 /* Foundation.framework */,
				288765FC0DF74451002DB57D /* CoreGraphics.framework */,
				2AB4470012F8A5B5006B0090 /* libz.dylib */,
			);
			name = Frameworks;
			sourceTree = "<group>";
		};
		53E9E46116F4D62500347B0F /* libssh2-for-iOS */ = {
			isa = PBXGroup;
			children = (
				53E9E45E16F4D51100347B0F /* libssh2_for_iOSAppDelegate.h */,
				53E9E45F16F4D51100347B0F /* libssh2_for_iOSAppDelegate.m */,
				53E9E45816F4D4F300347B0F /* SSHWrapper.h */,
				53E9E45916F4D4F300347B0F /* SSHWrapper.m */,
			);
			name = "libssh2-for-iOS";
			sourceTree = "<group>";
		};
/* End PBXGroup section */

/* Begin PBXNativeTarget section */
		1D6058900D05DD3D006BFB54 /* libssh2-for-iOS */ = {
			isa = PBXNativeTarget;
			buildConfigurationList = 1D6058960D05DD3E006BFB54 /* Build configuration list for PBXNativeTarget "libssh2-for-iOS" */;
			buildPhases = (
				1D60588D0D05DD3D006BFB54 /* Resources */,
				1D60588E0D05DD3D006BFB54 /* Sources */,
				1D60588F0D05DD3D006BFB54 /* Frameworks */,
			);
			buildRules = (
			);
			dependencies = (
			);
			name = "libssh2-for-iOS";
			productName = "libssh2-for-iOS";
			productReference = 1D6058910D05DD3D006BFB54 /* libssh2-for-iOS.app */;
			productType = "com.apple.product-type.application";
		};
/* End PBXNativeTarget section */

/* Begin PBXProject section */
		29B97313FDCFA39411CA2CEA /* Project object */ = {
			isa = PBXProject;
			attributes = {
				LastUpgradeCheck = 0610;
			};
			buildConfigurationList = C01FCF4E08A954540054247B /* Build configuration list for PBXProject "libssh2-for-iOS" */;
			compatibilityVersion = "Xcode 3.2";
			developmentRegion = English;
			hasScannedForEncodings = 1;
			knownRegions = (
				English,
				Japanese,
				French,
				German,
			);
			mainGroup = 29B97314FDCFA39411CA2CEA /* CustomTemplate */;
			projectDirPath = "";
			projectRoot = "";
			targets = (
				1D6058900D05DD3D006BFB54 /* libssh2-for-iOS */,
			);
		};
/* End PBXProject section */

/* Begin PBXResourcesBuildPhase section */
		1D60588D0D05DD3D006BFB54 /* Resources */ = {
			isa = PBXResourcesBuildPhase;
			buildActionMask = 2147483647;
			files = (
				53F7E9DB1A5C2EBD00F3C678 /* Images.xcassets in Resources */,
				2A3B48BE12F897E000F428E7 /* MainWindow.xib in Resources */,
			);
			runOnlyForDeploymentPostprocessing = 0;
		};
/* End PBXResourcesBuildPhase section */

/* Begin PBXSourcesBuildPhase section */
		1D60588E0D05DD3D006BFB54 /* Sources */ = {
			isa = PBXSourcesBuildPhase;
			buildActionMask = 2147483647;
			files = (
				2A3B48BC12F897D600F428E7 /* main.m in Sources */,
				53E9E45A16F4D4F300347B0F /* SSHWrapper.m in Sources */,
				53E9E46016F4D51100347B0F /* libssh2_for_iOSAppDelegate.m in Sources */,
			);
			runOnlyForDeploymentPostprocessing = 0;
		};
/* End PBXSourcesBuildPhase section */

/* Begin XCBuildConfiguration section */
		1D6058940D05DD3E006BFB54 /* Debug */ = {
			isa = XCBuildConfiguration;
			buildSettings = {
				ALWAYS_SEARCH_USER_PATHS = NO;
				ASSETCATALOG_COMPILER_APPICON_NAME = AppIcon;
				ASSETCATALOG_COMPILER_LAUNCHIMAGE_NAME = LaunchImage;
				CLANG_ENABLE_OBJC_ARC = YES;
				COPY_PHASE_STRIP = NO;
				FRAMEWORK_SEARCH_PATHS = (
					"$(inherited)",
					"$(PROJECT_DIR)",
				);
				GCC_DYNAMIC_NO_PIC = NO;
				GCC_OPTIMIZATION_LEVEL = 0;
				GCC_PRECOMPILE_PREFIX_HEADER = YES;
				GCC_PREFIX_HEADER = "libssh2-for-iOS/libssh2_for_iOS_Prefix.pch";
				INFOPLIST_FILE = "libssh2-for-iOS/libssh2_for_iOS-Info.plist";
				LIBRARY_SEARCH_PATHS = (
					"$(inherited)",
					"\"$(SRCROOT)/lib\"",
				);
				PRODUCT_NAME = "libssh2-for-iOS";
			};
			name = Debug;
		};
		1D6058950D05DD3E006BFB54 /* Release */ = {
			isa = XCBuildConfiguration;
			buildSettings = {
				ALWAYS_SEARCH_USER_PATHS = NO;
				ASSETCATALOG_COMPILER_APPICON_NAME = AppIcon;
				ASSETCATALOG_COMPILER_LAUNCHIMAGE_NAME = LaunchImage;
				CLANG_ENABLE_OBJC_ARC = YES;
				COPY_PHASE_STRIP = YES;
				FRAMEWORK_SEARCH_PATHS = (
					"$(inherited)",
					"$(PROJECT_DIR)",
				);
				GCC_PRECOMPILE_PREFIX_HEADER = YES;
				GCC_PREFIX_HEADER = "libssh2-for-iOS/libssh2_for_iOS_Prefix.pch";
				INFOPLIST_FILE = "libssh2-for-iOS/libssh2_for_iOS-Info.plist";
				LIBRARY_SEARCH_PATHS = (
					"$(inherited)",
					"\"$(SRCROOT)/lib\"",
				);
				PRODUCT_NAME = "libssh2-for-iOS";
				VALIDATE_PRODUCT = YES;
			};
			name = Release;
		};
		C01FCF4F08A954540054247B /* Debug */ = {
			isa = XCBuildConfiguration;
			buildSettings = {
				"CODE_SIGN_IDENTITY[sdk=iphoneos*]" = "iPhone Developer";
				GCC_C_LANGUAGE_STANDARD = c99;
				GCC_WARN_ABOUT_RETURN_TYPE = YES;
				GCC_WARN_UNUSED_VARIABLE = YES;
				HEADER_SEARCH_PATHS = "include/**";
				ONLY_ACTIVE_ARCH = YES;
				SDKROOT = iphoneos;
			};
			name = Debug;
		};
		C01FCF5008A954540054247B /* Release */ = {
			isa = XCBuildConfiguration;
			buildSettings = {
				"CODE_SIGN_IDENTITY[sdk=iphoneos*]" = "iPhone Developer";
				GCC_C_LANGUAGE_STANDARD = c99;
				GCC_WARN_ABOUT_RETURN_TYPE = YES;
				GCC_WARN_UNUSED_VARIABLE = YES;
				HEADER_SEARCH_PATHS = "include/**";
				OTHER_CFLAGS = "-DNS_BLOCK_ASSERTIONS=1";
				SDKROOT = iphoneos;
			};
			name = Release;
		};
/* End XCBuildConfiguration section */

/* Begin XCConfigurationList section */
		1D6058960D05DD3E006BFB54 /* Build configuration list for PBXNativeTarget "libssh2-for-iOS" */ = {
			isa = XCConfigurationList;
			buildConfigurations = (
				1D6058940D05DD3E006BFB54 /* Debug */,
				1D6058950D05DD3E006BFB54 /* Release */,
			);
			defaultConfigurationIsVisible = 0;
			defaultConfigurationName = Release;
		};
		C01FCF4E08A954540054247B /* Build configuration list for PBXProject "libssh2-for-iOS" */ = {
			isa = XCConfigurationList;
			buildConfigurations = (
				C01FCF4F08A954540054247B /* Debug */,
				C01FCF5008A954540054247B /* Release */,
			);
			defaultConfigurationIsVisible = 0;
			defaultConfigurationName = Release;
		};
/* End XCConfigurationList section */
	};
	rootObject = 29B97313FDCFA39411CA2CEA /* Project object */;
}
